
Microsoft Visual Studio Solution File, Format Version 12.00
# Visual Studio Version 17
VisualStudioVersion = 17.8.34330.188
MinimumVisualStudioVersion = 10.0.40219.1
Project("{FAE04EC0-301F-11D3-BF4B-00C04F79EFBC}") = "TestarTDD1", "TestarTDD1\TestarTDD1.csproj", "{FBDCF9B1-9340-4167-BEE6-3EAB5007430B}"
EndProject
Global
	GlobalSection(SolutionConfigurationPlatforms) = preSolution
		Debug|Any CPU = Debug|Any CPU
		Release|Any CPU = Release|Any CPU
	EndGlobalSection
	GlobalSection(ProjectConfigurationPlatforms) = postSolution
		{FBDCF9B1-9340-4167-BEE6-3EAB5007430B}.Debug|Any CPU.ActiveCfg = Debug|Any CPU
		{FBDCF9B1-9340-4167-BEE6-3EAB5007430B}.Debug|Any CPU.Build.0 = Debug|Any CPU
		{FBDCF9B1-9340-4167-BEE6-3EAB5007430B}.Release|Any CPU.ActiveCfg = Release|Any CPU
		{FBDCF9B1-9340-4167-BEE6-3EAB5007430B}.Release|Any CPU.Build.0 = Release|Any CPU
	EndGlobalSection
	GlobalSection(SolutionProperties) = preSolution
		HideSolutionNode = FALSE
	EndGlobalSection
	GlobalSection(ExtensibilityGlobals) = postSolution
		SolutionGuid = {093F48A2-1036-4F03-98A1-9541B8069C9C}
	EndGlobalSection
EndGlobal
