
Microsoft Visual Studio Solution File, Format Version 12.00
# Visual Studio Version 17
VisualStudioVersion = 17.9.34622.214
MinimumVisualStudioVersion = 10.0.40219.1
Project("{FAE04EC0-301F-11D3-BF4B-00C04F79EFBC}") = "SpaceShooterGame", "SpaceShooterGame\SpaceShooterGame.csproj", "{ED02C90A-EBB1-4113-AE7B-435DD3FFDA50}"
EndProject
Global
	GlobalSection(SolutionConfigurationPlatforms) = preSolution
		Debug|Any CPU = Debug|Any CPU
		Release|Any CPU = Release|Any CPU
	EndGlobalSection
	GlobalSection(ProjectConfigurationPlatforms) = postSolution
		{ED02C90A-EBB1-4113-AE7B-435DD3FFDA50}.Debug|Any CPU.ActiveCfg = Debug|Any CPU
		{ED02C90A-EBB1-4113-AE7B-435DD3FFDA50}.Debug|Any CPU.Build.0 = Debug|Any CPU
		{ED02C90A-EBB1-4113-AE7B-435DD3FFDA50}.Release|Any CPU.ActiveCfg = Release|Any CPU
		{ED02C90A-EBB1-4113-AE7B-435DD3FFDA50}.Release|Any CPU.Build.0 = Release|Any CPU
	EndGlobalSection
	GlobalSection(SolutionProperties) = preSolution
		HideSolutionNode = FALSE
	EndGlobalSection
	GlobalSection(ExtensibilityGlobals) = postSolution
		SolutionGuid = {55039CCA-A206-4614-B9A8-1C31CB32E4AF}
	EndGlobalSection
EndGlobal
