
Microsoft Visual Studio Solution File, Format Version 12.00
# Visual Studio Version 17
VisualStudioVersion = 17.8.34330.188
MinimumVisualStudioVersion = 10.0.40219.1
Project("{FAE04EC0-301F-11D3-BF4B-00C04F79EFBC}") = "PasswordUppgift", "PasswordUppgift\PasswordUppgift.csproj", "{53EA7A81-F95D-4E94-B7A3-21D3EF9A9454}"
EndProject
Project("{FAE04EC0-301F-11D3-BF4B-00C04F79EFBC}") = "PasswordTester", "PasswordTester\PasswordTester.csproj", "{591472D8-3174-4DAE-A663-42343FC9ABAA}"
EndProject
Global
	GlobalSection(SolutionConfigurationPlatforms) = preSolution
		Debug|Any CPU = Debug|Any CPU
		Release|Any CPU = Release|Any CPU
	EndGlobalSection
	GlobalSection(ProjectConfigurationPlatforms) = postSolution
		{53EA7A81-F95D-4E94-B7A3-21D3EF9A9454}.Debug|Any CPU.ActiveCfg = Debug|Any CPU
		{53EA7A81-F95D-4E94-B7A3-21D3EF9A9454}.Debug|Any CPU.Build.0 = Debug|Any CPU
		{53EA7A81-F95D-4E94-B7A3-21D3EF9A9454}.Release|Any CPU.ActiveCfg = Release|Any CPU
		{53EA7A81-F95D-4E94-B7A3-21D3EF9A9454}.Release|Any CPU.Build.0 = Release|Any CPU
		{591472D8-3174-4DAE-A663-42343FC9ABAA}.Debug|Any CPU.ActiveCfg = Debug|Any CPU
		{591472D8-3174-4DAE-A663-42343FC9ABAA}.Debug|Any CPU.Build.0 = Debug|Any CPU
		{591472D8-3174-4DAE-A663-42343FC9ABAA}.Release|Any CPU.ActiveCfg = Release|Any CPU
		{591472D8-3174-4DAE-A663-42343FC9ABAA}.Release|Any CPU.Build.0 = Release|Any CPU
	EndGlobalSection
	GlobalSection(SolutionProperties) = preSolution
		HideSolutionNode = FALSE
	EndGlobalSection
	GlobalSection(ExtensibilityGlobals) = postSolution
		SolutionGuid = {A2284592-28A0-493B-82EF-8108FAC395FD}
	EndGlobalSection
EndGlobal
