
Microsoft Visual Studio Solution File, Format Version 12.00
# Visual Studio Version 17
VisualStudioVersion = 17.8.34330.188
MinimumVisualStudioVersion = 10.0.40219.1
Project("{FAE04EC0-301F-11D3-BF4B-00C04F79EFBC}") = "PasswordTester", "PasswordTester\PasswordTester.csproj", "{6B2FBEF6-CBA2-45B8-A1B9-5D7C239FCA92}"
EndProject
Project("{FAE04EC0-301F-11D3-BF4B-00C04F79EFBC}") = "PasswordTest", "PasswordTest\PasswordTest.csproj", "{75F35F8B-5362-4527-B798-F6264200467D}"
EndProject
Global
	GlobalSection(SolutionConfigurationPlatforms) = preSolution
		Debug|Any CPU = Debug|Any CPU
		Release|Any CPU = Release|Any CPU
	EndGlobalSection
	GlobalSection(ProjectConfigurationPlatforms) = postSolution
		{6B2FBEF6-CBA2-45B8-A1B9-5D7C239FCA92}.Debug|Any CPU.ActiveCfg = Debug|Any CPU
		{6B2FBEF6-CBA2-45B8-A1B9-5D7C239FCA92}.Debug|Any CPU.Build.0 = Debug|Any CPU
		{6B2FBEF6-CBA2-45B8-A1B9-5D7C239FCA92}.Release|Any CPU.ActiveCfg = Release|Any CPU
		{6B2FBEF6-CBA2-45B8-A1B9-5D7C239FCA92}.Release|Any CPU.Build.0 = Release|Any CPU
		{75F35F8B-5362-4527-B798-F6264200467D}.Debug|Any CPU.ActiveCfg = Debug|Any CPU
		{75F35F8B-5362-4527-B798-F6264200467D}.Debug|Any CPU.Build.0 = Debug|Any CPU
		{75F35F8B-5362-4527-B798-F6264200467D}.Release|Any CPU.ActiveCfg = Release|Any CPU
		{75F35F8B-5362-4527-B798-F6264200467D}.Release|Any CPU.Build.0 = Release|Any CPU
	EndGlobalSection
	GlobalSection(SolutionProperties) = preSolution
		HideSolutionNode = FALSE
	EndGlobalSection
	GlobalSection(ExtensibilityGlobals) = postSolution
		SolutionGuid = {6759720D-B4FC-4CB8-81B2-F26D7E01FC76}
	EndGlobalSection
EndGlobal
