
Microsoft Visual Studio Solution File, Format Version 12.00
# Visual Studio Version 17
VisualStudioVersion = 17.9.34622.214
MinimumVisualStudioVersion = 10.0.40219.1
Project("{FAE04EC0-301F-11D3-BF4B-00C04F79EFBC}") = "BetterThanPhotoshop", "BetterThanPhotoshop\BetterThanPhotoshop.csproj", "{7561E231-75A2-41DC-8FFA-F2F38133C15F}"
EndProject
Global
	GlobalSection(SolutionConfigurationPlatforms) = preSolution
		Debug|Any CPU = Debug|Any CPU
		Release|Any CPU = Release|Any CPU
	EndGlobalSection
	GlobalSection(ProjectConfigurationPlatforms) = postSolution
		{7561E231-75A2-41DC-8FFA-F2F38133C15F}.Debug|Any CPU.ActiveCfg = Debug|Any CPU
		{7561E231-75A2-41DC-8FFA-F2F38133C15F}.Debug|Any CPU.Build.0 = Debug|Any CPU
		{7561E231-75A2-41DC-8FFA-F2F38133C15F}.Release|Any CPU.ActiveCfg = Release|Any CPU
		{7561E231-75A2-41DC-8FFA-F2F38133C15F}.Release|Any CPU.Build.0 = Release|Any CPU
	EndGlobalSection
	GlobalSection(SolutionProperties) = preSolution
		HideSolutionNode = FALSE
	EndGlobalSection
	GlobalSection(ExtensibilityGlobals) = postSolution
		SolutionGuid = {1F5CD527-B503-467B-9CF5-67CC4AD717FB}
	EndGlobalSection
EndGlobal
